// !$*UTF8*$!
{
	archiveVersion = 1;
	classes = {
	};
	objectVersion = 56;
	objects = {

/* Begin PBXBuildFile section */
		408556762BA31FE100F1B959 /* OpenAPIRuntime in Frameworks */ = {isa = PBXBuildFile; productRef = 408556752BA31FE100F1B959 /* OpenAPIRuntime */; };
		408556792BA3201500F1B959 /* OpenAPIURLSession in Frameworks */ = {isa = PBXBuildFile; productRef = 408556782BA3201500F1B959 /* OpenAPIURLSession */; };
		4085567D2BA3205000F1B959 /* openapi-generator-config.yaml in Resources */ = {isa = PBXBuildFile; fileRef = 4085567C2BA3205000F1B959 /* openapi-generator-config.yaml */; };
		4085567F2BA3205900F1B959 /* openapi.yaml in Resources */ = {isa = PBXBuildFile; fileRef = 4085567E2BA3205900F1B959 /* openapi.yaml */; };
		408556822BA3208000F1B959 /* NearestStationsService.swift in Sources */ = {isa = PBXBuildFile; fileRef = 408556812BA3208000F1B959 /* NearestStationsService.swift */; };
		409FDE022BA2ECF3007BD877 /* YPTravelApp.swift in Sources */ = {isa = PBXBuildFile; fileRef = 409FDE012BA2ECF3007BD877 /* YPTravelApp.swift */; };
		409FDE042BA2ECF3007BD877 /* ContentView.swift in Sources */ = {isa = PBXBuildFile; fileRef = 409FDE032BA2ECF3007BD877 /* ContentView.swift */; };
		409FDE062BA2ECF5007BD877 /* Assets.xcassets in Resources */ = {isa = PBXBuildFile; fileRef = 409FDE052BA2ECF5007BD877 /* Assets.xcassets */; };
		409FDE092BA2ECF5007BD877 /* Preview Assets.xcassets in Resources */ = {isa = PBXBuildFile; fileRef = 409FDE082BA2ECF5007BD877 /* Preview Assets.xcassets */; };
/* End PBXBuildFile section */

/* Begin PBXFileReference section */
		4085567C2BA3205000F1B959 /* openapi-generator-config.yaml */ = {isa = PBXFileReference; fileEncoding = 4; lastKnownFileType = text.yaml; path = "openapi-generator-config.yaml"; sourceTree = "<group>"; };
		4085567E2BA3205900F1B959 /* openapi.yaml */ = {isa = PBXFileReference; fileEncoding = 4; lastKnownFileType = text.yaml; path = openapi.yaml; sourceTree = "<group>"; };
		408556812BA3208000F1B959 /* NearestStationsService.swift */ = {isa = PBXFileReference; lastKnownFileType = sourcecode.swift; path = NearestStationsService.swift; sourceTree = "<group>"; };
		409FDDFE2BA2ECF3007BD877 /* YPTravel.app */ = {isa = PBXFileReference; explicitFileType = wrapper.application; includeInIndex = 0; path = YPTravel.app; sourceTree = BUILT_PRODUCTS_DIR; };
		409FDE012BA2ECF3007BD877 /* YPTravelApp.swift */ = {isa = PBXFileReference; lastKnownFileType = sourcecode.swift; path = YPTravelApp.swift; sourceTree = "<group>"; };
		409FDE032BA2ECF3007BD877 /* ContentView.swift */ = {isa = PBXFileReference; lastKnownFileType = sourcecode.swift; path = ContentView.swift; sourceTree = "<group>"; };
		409FDE052BA2ECF5007BD877 /* Assets.xcassets */ = {isa = PBXFileReference; lastKnownFileType = folder.assetcatalog; path = Assets.xcassets; sourceTree = "<group>"; };
		409FDE082BA2ECF5007BD877 /* Preview Assets.xcassets */ = {isa = PBXFileReference; lastKnownFileType = folder.assetcatalog; path = "Preview Assets.xcassets"; sourceTree = "<group>"; };
/* End PBXFileReference section */

/* Begin PBXFrameworksBuildPhase section */
		409FDDFB2BA2ECF3007BD877 /* Frameworks */ = {
			isa = PBXFrameworksBuildPhase;
			buildActionMask = 2147483647;
			files = (
				408556762BA31FE100F1B959 /* OpenAPIRuntime in Frameworks */,
				408556792BA3201500F1B959 /* OpenAPIURLSession in Frameworks */,
			);
			runOnlyForDeploymentPostprocessing = 0;
		};
/* End PBXFrameworksBuildPhase section */

/* Begin PBXGroup section */
		409FDDF52BA2ECF3007BD877 = {
			isa = PBXGroup;
			children = (
				409FDE002BA2ECF3007BD877 /* YPTravel */,
				409FDDFF2BA2ECF3007BD877 /* Products */,
			);
			sourceTree = "<group>";
		};
		409FDDFF2BA2ECF3007BD877 /* Products */ = {
			isa = PBXGroup;
			children = (
				409FDDFE2BA2ECF3007BD877 /* YPTravel.app */,
			);
			name = Products;
			sourceTree = "<group>";
		};
		409FDE002BA2ECF3007BD877 /* YPTravel */ = {
			isa = PBXGroup;
			children = (
				409FDE012BA2ECF3007BD877 /* YPTravelApp.swift */,
				409FDE032BA2ECF3007BD877 /* ContentView.swift */,
				408556812BA3208000F1B959 /* NearestStationsService.swift */,
				4085567E2BA3205900F1B959 /* openapi.yaml */,
				4085567C2BA3205000F1B959 /* openapi-generator-config.yaml */,
				409FDE052BA2ECF5007BD877 /* Assets.xcassets */,
				409FDE072BA2ECF5007BD877 /* Preview Content */,
			);
			path = YPTravel;
			sourceTree = "<group>";
		};
		409FDE072BA2ECF5007BD877 /* Preview Content */ = {
			isa = PBXGroup;
			children = (
				409FDE082BA2ECF5007BD877 /* Preview Assets.xcassets */,
			);
			path = "Preview Content";
			sourceTree = "<group>";
		};
/* End PBXGroup section */

/* Begin PBXNativeTarget section */
		409FDDFD2BA2ECF3007BD877 /* YPTravel */ = {
			isa = PBXNativeTarget;
			buildConfigurationList = 409FDE0C2BA2ECF5007BD877 /* Build configuration list for PBXNativeTarget "YPTravel" */;
			buildPhases = (
				409FDDFA2BA2ECF3007BD877 /* Sources */,
				409FDDFB2BA2ECF3007BD877 /* Frameworks */,
				409FDDFC2BA2ECF3007BD877 /* Resources */,
			);
			buildRules = (
			);
			dependencies = (
				4085567B2BA3203000F1B959 /* PBXTargetDependency */,
			);
			name = YPTravel;
			packageProductDependencies = (
				408556752BA31FE100F1B959 /* OpenAPIRuntime */,
				408556782BA3201500F1B959 /* OpenAPIURLSession */,
			);
			productName = YPTravel;
			productReference = 409FDDFE2BA2ECF3007BD877 /* YPTravel.app */;
			productType = "com.apple.product-type.application";
		};
/* End PBXNativeTarget section */

/* Begin PBXProject section */
		409FDDF62BA2ECF3007BD877 /* Project object */ = {
			isa = PBXProject;
			attributes = {
				BuildIndependentTargetsInParallel = 1;
				LastSwiftUpdateCheck = 1530;
				LastUpgradeCheck = 1530;
				TargetAttributes = {
					409FDDFD2BA2ECF3007BD877 = {
						CreatedOnToolsVersion = 15.3;
					};
				};
			};
			buildConfigurationList = 409FDDF92BA2ECF3007BD877 /* Build configuration list for PBXProject "YPTravel" */;
			compatibilityVersion = "Xcode 14.0";
			developmentRegion = en;
			hasScannedForEncodings = 0;
			knownRegions = (
				en,
				Base,
			);
			mainGroup = 409FDDF52BA2ECF3007BD877;
			packageReferences = (
				408556712BA31FBC00F1B959 /* XCRemoteSwiftPackageReference "swift-openapi-generator" */,
				408556742BA31FE000F1B959 /* XCRemoteSwiftPackageReference "swift-openapi-runtime" */,
				408556772BA3201500F1B959 /* XCRemoteSwiftPackageReference "swift-openapi-urlsession" */,
			);
			productRefGroup = 409FDDFF2BA2ECF3007BD877 /* Products */;
			projectDirPath = "";
			projectRoot = "";
			targets = (
				409FDDFD2BA2ECF3007BD877 /* YPTravel */,
			);
		};
/* End PBXProject section */

/* Begin PBXResourcesBuildPhase section */
		409FDDFC2BA2ECF3007BD877 /* Resources */ = {
			isa = PBXResourcesBuildPhase;
			buildActionMask = 2147483647;
			files = (
				409FDE092BA2ECF5007BD877 /* Preview Assets.xcassets in Resources */,
				4085567F2BA3205900F1B959 /* openapi.yaml in Resources */,
				409FDE062BA2ECF5007BD877 /* Assets.xcassets in Resources */,
				4085567D2BA3205000F1B959 /* openapi-generator-config.yaml in Resources */,
			);
			runOnlyForDeploymentPostprocessing = 0;
		};
/* End PBXResourcesBuildPhase section */

/* Begin PBXSourcesBuildPhase section */
		409FDDFA2BA2ECF3007BD877 /* Sources */ = {
			isa = PBXSourcesBuildPhase;
			buildActionMask = 2147483647;
			files = (
				409FDE042BA2ECF3007BD877 /* ContentView.swift in Sources */,
				408556822BA3208000F1B959 /* NearestStationsService.swift in Sources */,
				409FDE022BA2ECF3007BD877 /* YPTravelApp.swift in Sources */,
			);
			runOnlyForDeploymentPostprocessing = 0;
		};
/* End PBXSourcesBuildPhase section */

/* Begin PBXTargetDependency section */
		4085567B2BA3203000F1B959 /* PBXTargetDependency */ = {
			isa = PBXTargetDependency;
			productRef = 4085567A2BA3203000F1B959 /* OpenAPIGenerator */;
		};
/* End PBXTargetDependency section */

/* Begin XCBuildConfiguration section */
		409FDE0A2BA2ECF5007BD877 /* Debug */ = {
			isa = XCBuildConfiguration;
			buildSettings = {
				ALWAYS_SEARCH_USER_PATHS = NO;
				ASSETCATALOG_COMPILER_GENERATE_SWIFT_ASSET_SYMBOL_EXTENSIONS = YES;
				CLANG_ANALYZER_NONNULL = YES;
				CLANG_ANALYZER_NUMBER_OBJECT_CONVERSION = YES_AGGRESSIVE;
				CLANG_CXX_LANGUAGE_STANDARD = "gnu++20";
				CLANG_ENABLE_MODULES = YES;
				CLANG_ENABLE_OBJC_ARC = YES;
				CLANG_ENABLE_OBJC_WEAK = YES;
				CLANG_WARN_BLOCK_CAPTURE_AUTORELEASING = YES;
				CLANG_WARN_BOOL_CONVERSION = YES;
				CLANG_WARN_COMMA = YES;
				CLANG_WARN_CONSTANT_CONVERSION = YES;
				CLANG_WARN_DEPRECATED_OBJC_IMPLEMENTATIONS = YES;
				CLANG_WARN_DIRECT_OBJC_ISA_USAGE = YES_ERROR;
				CLANG_WARN_DOCUMENTATION_COMMENTS = YES;
				CLANG_WARN_EMPTY_BODY = YES;
				CLANG_WARN_ENUM_CONVERSION = YES;
				CLANG_WARN_INFINITE_RECURSION = YES;
				CLANG_WARN_INT_CONVERSION = YES;
				CLANG_WARN_NON_LITERAL_NULL_CONVERSION = YES;
				CLANG_WARN_OBJC_IMPLICIT_RETAIN_SELF = YES;
				CLANG_WARN_OBJC_LITERAL_CONVERSION = YES;
				CLANG_WARN_OBJC_ROOT_CLASS = YES_ERROR;
				CLANG_WARN_QUOTED_INCLUDE_IN_FRAMEWORK_HEADER = YES;
				CLANG_WARN_RANGE_LOOP_ANALYSIS = YES;
				CLANG_WARN_STRICT_PROTOTYPES = YES;
				CLANG_WARN_SUSPICIOUS_MOVE = YES;
				CLANG_WARN_UNGUARDED_AVAILABILITY = YES_AGGRESSIVE;
				CLANG_WARN_UNREACHABLE_CODE = YES;
				CLANG_WARN__DUPLICATE_METHOD_MATCH = YES;
				COPY_PHASE_STRIP = NO;
				DEBUG_INFORMATION_FORMAT = dwarf;
				ENABLE_STRICT_OBJC_MSGSEND = YES;
				ENABLE_TESTABILITY = YES;
				ENABLE_USER_SCRIPT_SANDBOXING = YES;
				GCC_C_LANGUAGE_STANDARD = gnu17;
				GCC_DYNAMIC_NO_PIC = NO;
				GCC_NO_COMMON_BLOCKS = YES;
				GCC_OPTIMIZATION_LEVEL = 0;
				GCC_PREPROCESSOR_DEFINITIONS = (
					"DEBUG=1",
					"$(inherited)",
				);
				GCC_WARN_64_TO_32_BIT_CONVERSION = YES;
				GCC_WARN_ABOUT_RETURN_TYPE = YES_ERROR;
				GCC_WARN_UNDECLARED_SELECTOR = YES;
				GCC_WARN_UNINITIALIZED_AUTOS = YES_AGGRESSIVE;
				GCC_WARN_UNUSED_FUNCTION = YES;
				GCC_WARN_UNUSED_VARIABLE = YES;
				IPHONEOS_DEPLOYMENT_TARGET = 17.4;
				LOCALIZATION_PREFERS_STRING_CATALOGS = YES;
				MTL_ENABLE_DEBUG_INFO = INCLUDE_SOURCE;
				MTL_FAST_MATH = YES;
				ONLY_ACTIVE_ARCH = YES;
				SDKROOT = iphoneos;
				SWIFT_ACTIVE_COMPILATION_CONDITIONS = "DEBUG $(inherited)";
				SWIFT_OPTIMIZATION_LEVEL = "-Onone";
			};
			name = Debug;
		};
		409FDE0B2BA2ECF5007BD877 /* Release */ = {
			isa = XCBuildConfiguration;
			buildSettings = {
				ALWAYS_SEARCH_USER_PATHS = NO;
				ASSETCATALOG_COMPILER_GENERATE_SWIFT_ASSET_SYMBOL_EXTENSIONS = YES;
				CLANG_ANALYZER_NONNULL = YES;
				CLANG_ANALYZER_NUMBER_OBJECT_CONVERSION = YES_AGGRESSIVE;
				CLANG_CXX_LANGUAGE_STANDARD = "gnu++20";
				CLANG_ENABLE_MODULES = YES;
				CLANG_ENABLE_OBJC_ARC = YES;
				CLANG_ENABLE_OBJC_WEAK = YES;
				CLANG_WARN_BLOCK_CAPTURE_AUTORELEASING = YES;
				CLANG_WARN_BOOL_CONVERSION = YES;
				CLANG_WARN_COMMA = YES;
				CLANG_WARN_CONSTANT_CONVERSION = YES;
				CLANG_WARN_DEPRECATED_OBJC_IMPLEMENTATIONS = YES;
				CLANG_WARN_DIRECT_OBJC_ISA_USAGE = YES_ERROR;
				CLANG_WARN_DOCUMENTATION_COMMENTS = YES;
				CLANG_WARN_EMPTY_BODY = YES;
				CLANG_WARN_ENUM_CONVERSION = YES;
				CLANG_WARN_INFINITE_RECURSION = YES;
				CLANG_WARN_INT_CONVERSION = YES;
				CLANG_WARN_NON_LITERAL_NULL_CONVERSION = YES;
				CLANG_WARN_OBJC_IMPLICIT_RETAIN_SELF = YES;
				CLANG_WARN_OBJC_LITERAL_CONVERSION = YES;
				CLANG_WARN_OBJC_ROOT_CLASS = YES_ERROR;
				CLANG_WARN_QUOTED_INCLUDE_IN_FRAMEWORK_HEADER = YES;
				CLANG_WARN_RANGE_LOOP_ANALYSIS = YES;
				CLANG_WARN_STRICT_PROTOTYPES = YES;
				CLANG_WARN_SUSPICIOUS_MOVE = YES;
				CLANG_WARN_UNGUARDED_AVAILABILITY = YES_AGGRESSIVE;
				CLANG_WARN_UNREACHABLE_CODE = YES;
				CLANG_WARN__DUPLICATE_METHOD_MATCH = YES;
				COPY_PHASE_STRIP = NO;
				DEBUG_INFORMATION_FORMAT = "dwarf-with-dsym";
				ENABLE_NS_ASSERTIONS = NO;
				ENABLE_STRICT_OBJC_MSGSEND = YES;
				ENABLE_USER_SCRIPT_SANDBOXING = YES;
				GCC_C_LANGUAGE_STANDARD = gnu17;
				GCC_NO_COMMON_BLOCKS = YES;
				GCC_WARN_64_TO_32_BIT_CONVERSION = YES;
				GCC_WARN_ABOUT_RETURN_TYPE = YES_ERROR;
				GCC_WARN_UNDECLARED_SELECTOR = YES;
				GCC_WARN_UNINITIALIZED_AUTOS = YES_AGGRESSIVE;
				GCC_WARN_UNUSED_FUNCTION = YES;
				GCC_WARN_UNUSED_VARIABLE = YES;
				IPHONEOS_DEPLOYMENT_TARGET = 17.4;
				LOCALIZATION_PREFERS_STRING_CATALOGS = YES;
				MTL_ENABLE_DEBUG_INFO = NO;
				MTL_FAST_MATH = YES;
				SDKROOT = iphoneos;
				SWIFT_COMPILATION_MODE = wholemodule;
				VALIDATE_PRODUCT = YES;
			};
			name = Release;
		};
		409FDE0D2BA2ECF5007BD877 /* Debug */ = {
			isa = XCBuildConfiguration;
			buildSettings = {
				ASSETCATALOG_COMPILER_APPICON_NAME = AppIcon;
				ASSETCATALOG_COMPILER_GLOBAL_ACCENT_COLOR_NAME = AccentColor;
				CODE_SIGN_STYLE = Automatic;
				CURRENT_PROJECT_VERSION = 1;
				DEVELOPMENT_ASSET_PATHS = "\"YPTravel/Preview Content\"";
				DEVELOPMENT_TEAM = B76F947LP3;
				ENABLE_PREVIEWS = YES;
				GENERATE_INFOPLIST_FILE = YES;
				INFOPLIST_KEY_UIApplicationSceneManifest_Generation = YES;
				INFOPLIST_KEY_UIApplicationSupportsIndirectInputEvents = YES;
				INFOPLIST_KEY_UILaunchScreen_Generation = YES;
				INFOPLIST_KEY_UISupportedInterfaceOrientations = UIInterfaceOrientationPortrait;
				IPHONEOS_DEPLOYMENT_TARGET = 15.0;
				LD_RUNPATH_SEARCH_PATHS = (
					"$(inherited)",
					"@executable_path/Frameworks",
				);
				MARKETING_VERSION = 1.0;
				PRODUCT_BUNDLE_IDENTIFIER = "ru.georgiy-N.YPTravel";
				PRODUCT_NAME = "$(TARGET_NAME)";
				SWIFT_EMIT_LOC_STRINGS = YES;
				SWIFT_VERSION = 5.0;
				TARGETED_DEVICE_FAMILY = "1,2";
			};
			name = Debug;
		};
		409FDE0E2BA2ECF5007BD877 /* Release */ = {
			isa = XCBuildConfiguration;
			buildSettings = {
				ASSETCATALOG_COMPILER_APPICON_NAME = AppIcon;
				ASSETCATALOG_COMPILER_GLOBAL_ACCENT_COLOR_NAME = AccentColor;
				CODE_SIGN_STYLE = Automatic;
				CURRENT_PROJECT_VERSION = 1;
				DEVELOPMENT_ASSET_PATHS = "\"YPTravel/Preview Content\"";
				DEVELOPMENT_TEAM = B76F947LP3;
				ENABLE_PREVIEWS = YES;
				GENERATE_INFOPLIST_FILE = YES;
				INFOPLIST_KEY_UIApplicationSceneManifest_Generation = YES;
				INFOPLIST_KEY_UIApplicationSupportsIndirectInputEvents = YES;
				INFOPLIST_KEY_UILaunchScreen_Generation = YES;
				INFOPLIST_KEY_UISupportedInterfaceOrientations = UIInterfaceOrientationPortrait;
				IPHONEOS_DEPLOYMENT_TARGET = 15.0;
				LD_RUNPATH_SEARCH_PATHS = (
					"$(inherited)",
					"@executable_path/Frameworks",
				);
				MARKETING_VERSION = 1.0;
				PRODUCT_BUNDLE_IDENTIFIER = "ru.georgiy-N.YPTravel";
				PRODUCT_NAME = "$(TARGET_NAME)";
				SWIFT_EMIT_LOC_STRINGS = YES;
				SWIFT_VERSION = 5.0;
				TARGETED_DEVICE_FAMILY = "1,2";
			};
			name = Release;
		};
/* End XCBuildConfiguration section */

/* Begin XCConfigurationList section */
		409FDDF92BA2ECF3007BD877 /* Build configuration list for PBXProject "YPTravel" */ = {
			isa = XCConfigurationList;
			buildConfigurations = (
				409FDE0A2BA2ECF5007BD877 /* Debug */,
				409FDE0B2BA2ECF5007BD877 /* Release */,
			);
			defaultConfigurationIsVisible = 0;
			defaultConfigurationName = Release;
		};
		409FDE0C2BA2ECF5007BD877 /* Build configuration list for PBXNativeTarget "YPTravel" */ = {
			isa = XCConfigurationList;
			buildConfigurations = (
				409FDE0D2BA2ECF5007BD877 /* Debug */,
				409FDE0E2BA2ECF5007BD877 /* Release */,
			);
			defaultConfigurationIsVisible = 0;
			defaultConfigurationName = Release;
		};
/* End XCConfigurationList section */

/* Begin XCRemoteSwiftPackageReference section */
		408556712BA31FBC00F1B959 /* XCRemoteSwiftPackageReference "swift-openapi-generator" */ = {
			isa = XCRemoteSwiftPackageReference;
			repositoryURL = "https://github.com/apple/swift-openapi-generator";
			requirement = {
				kind = upToNextMajorVersion;
				minimumVersion = 1.2.1;
			};
		};
		408556742BA31FE000F1B959 /* XCRemoteSwiftPackageReference "swift-openapi-runtime" */ = {
			isa = XCRemoteSwiftPackageReference;
			repositoryURL = "https://github.com/apple/swift-openapi-runtime";
			requirement = {
				kind = upToNextMajorVersion;
				minimumVersion = 1.3.2;
			};
		};
		408556772BA3201500F1B959 /* XCRemoteSwiftPackageReference "swift-openapi-urlsession" */ = {
			isa = XCRemoteSwiftPackageReference;
			repositoryURL = "https://github.com/apple/swift-openapi-urlsession";
			requirement = {
				kind = upToNextMajorVersion;
				minimumVersion = 1.0.1;
			};
		};
/* End XCRemoteSwiftPackageReference section */

/* Begin XCSwiftPackageProductDependency section */
		408556752BA31FE100F1B959 /* OpenAPIRuntime */ = {
			isa = XCSwiftPackageProductDependency;
			package = 408556742BA31FE000F1B959 /* XCRemoteSwiftPackageReference "swift-openapi-runtime" */;
			productName = OpenAPIRuntime;
		};
		408556782BA3201500F1B959 /* OpenAPIURLSession */ = {
			isa = XCSwiftPackageProductDependency;
			package = 408556772BA3201500F1B959 /* XCRemoteSwiftPackageReference "swift-openapi-urlsession" */;
			productName = OpenAPIURLSession;
		};
		4085567A2BA3203000F1B959 /* OpenAPIGenerator */ = {
			isa = XCSwiftPackageProductDependency;
			package = 408556712BA31FBC00F1B959 /* XCRemoteSwiftPackageReference "swift-openapi-generator" */;
			productName = "plugin:OpenAPIGenerator";
		};
/* End XCSwiftPackageProductDependency section */
	};
	rootObject = 409FDDF62BA2ECF3007BD877 /* Project object */;
}
